
Microsoft Visual Studio Solution File, Format Version 12.00
# Visual Studio Version 17
VisualStudioVersion = 17.0.31903.59
MinimumVisualStudioVersion = 10.0.40219.1
Project("{2150E333-8FDC-42A3-9474-1A3956D46DE8}") = "src", "src", "{827E0CD3-B72D-47B6-A68D-7590B98EB39B}"
EndProject
Project("{FAE04EC0-301F-11D3-BF4B-00C04F79EFBC}") = "ParallelWorld.AI", "src\ParallelWorld.AI\ParallelWorld.AI.csproj", "{3E7FD8C4-BEFE-47DF-A429-6FE413A4FD30}"
EndProject
Project("{FAE04EC0-301F-11D3-BF4B-00C04F79EFBC}") = "ParallelWorld.Api", "src\ParallelWorld.Api\ParallelWorld.Api.csproj", "{3E1B1468-DC51-42E4-B1BD-CE34F151E803}"
EndProject
Project("{FAE04EC0-301F-11D3-BF4B-00C04F79EFBC}") = "ParallelWorld.Application", "src\ParallelWorld.Application\ParallelWorld.Application.csproj", "{0094FAED-6CD3-4598-9F7E-53D7323D4BD3}"
EndProject
Project("{FAE04EC0-301F-11D3-BF4B-00C04F79EFBC}") = "ParallelWorld.Domain", "src\ParallelWorld.Domain\ParallelWorld.Domain.csproj", "{499C5A34-1C73-4084-A52C-8AE59DD39CAF}"
EndProject
Project("{FAE04EC0-301F-11D3-BF4B-00C04F79EFBC}") = "ParallelWorld.Infrastructure", "src\ParallelWorld.Infrastructure\ParallelWorld.Infrastructure.csproj", "{04863A71-D39E-4452-998B-3632A470456F}"
EndProject
Project("{FAE04EC0-301F-11D3-BF4B-00C04F79EFBC}") = "ParallelWorld.Simulation", "src\ParallelWorld.Simulation\ParallelWorld.Simulation.csproj", "{2D71268A-06D9-4CB1-A17C-8102A3799B1D}"
EndProject
Project("{2150E333-8FDC-42A3-9474-1A3956D46DE8}") = "tests", "tests", "{0AB3BF05-4346-4AA6-1389-037BE0695223}"
EndProject
Project("{FAE04EC0-301F-11D3-BF4B-00C04F79EFBC}") = "ParallelWorld.ArchitectureTests", "tests\ParallelWorld.ArchitectureTests\ParallelWorld.ArchitectureTests.csproj", "{EF2332F7-A9A6-4766-8328-8AAE6E8372A8}"
EndProject
Project("{FAE04EC0-301F-11D3-BF4B-00C04F79EFBC}") = "ParallelWorld.IntegrationTests", "tests\ParallelWorld.IntegrationTests\ParallelWorld.IntegrationTests.csproj", "{BB3249AB-72FC-448D-A036-BD01F9974CC9}"
EndProject
Project("{FAE04EC0-301F-11D3-BF4B-00C04F79EFBC}") = "ParallelWorld.TestUtilities", "tests\ParallelWorld.TestUtilities\ParallelWorld.TestUtilities.csproj", "{CB46A8C5-782D-4109-99FB-2CC4EE1EB9AD}"
EndProject
Project("{FAE04EC0-301F-11D3-BF4B-00C04F79EFBC}") = "ParallelWorld.UnitTests", "tests\ParallelWorld.UnitTests\ParallelWorld.UnitTests.csproj", "{6D380478-055A-42AB-874C-0FDFFDEBB2F4}"
EndProject
Global
	GlobalSection(SolutionConfigurationPlatforms) = preSolution
		Debug|Any CPU = Debug|Any CPU
		Debug|x64 = Debug|x64
		Debug|x86 = Debug|x86
		Release|Any CPU = Release|Any CPU
		Release|x64 = Release|x64
		Release|x86 = Release|x86
	EndGlobalSection
	GlobalSection(ProjectConfigurationPlatforms) = postSolution
		{3E7FD8C4-BEFE-47DF-A429-6FE413A4FD30}.Debug|Any CPU.ActiveCfg = Debug|Any CPU
		{3E7FD8C4-BEFE-47DF-A429-6FE413A4FD30}.Debug|Any CPU.Build.0 = Debug|Any CPU
		{3E7FD8C4-BEFE-47DF-A429-6FE413A4FD30}.Debug|x64.ActiveCfg = Debug|Any CPU
		{3E7FD8C4-BEFE-47DF-A429-6FE413A4FD30}.Debug|x64.Build.0 = Debug|Any CPU
		{3E7FD8C4-BEFE-47DF-A429-6FE413A4FD30}.Debug|x86.ActiveCfg = Debug|Any CPU
		{3E7FD8C4-BEFE-47DF-A429-6FE413A4FD30}.Debug|x86.Build.0 = Debug|Any CPU
		{3E7FD8C4-BEFE-47DF-A429-6FE413A4FD30}.Release|Any CPU.ActiveCfg = Release|Any CPU
		{3E7FD8C4-BEFE-47DF-A429-6FE413A4FD30}.Release|Any CPU.Build.0 = Release|Any CPU
		{3E7FD8C4-BEFE-47DF-A429-6FE413A4FD30}.Release|x64.ActiveCfg = Release|Any CPU
		{3E7FD8C4-BEFE-47DF-A429-6FE413A4FD30}.Release|x64.Build.0 = Release|Any CPU
		{3E7FD8C4-BEFE-47DF-A429-6FE413A4FD30}.Release|x86.ActiveCfg = Release|Any CPU
		{3E7FD8C4-BEFE-47DF-A429-6FE413A4FD30}.Release|x86.Build.0 = Release|Any CPU
		{3E1B1468-DC51-42E4-B1BD-CE34F151E803}.Debug|Any CPU.ActiveCfg = Debug|Any CPU
		{3E1B1468-DC51-42E4-B1BD-CE34F151E803}.Debug|Any CPU.Build.0 = Debug|Any CPU
		{3E1B1468-DC51-42E4-B1BD-CE34F151E803}.Debug|x64.ActiveCfg = Debug|Any CPU
		{3E1B1468-DC51-42E4-B1BD-CE34F151E803}.Debug|x64.Build.0 = Debug|Any CPU
		{3E1B1468-DC51-42E4-B1BD-CE34F151E803}.Debug|x86.ActiveCfg = Debug|Any CPU
		{3E1B1468-DC51-42E4-B1BD-CE34F151E803}.Debug|x86.Build.0 = Debug|Any CPU
		{3E1B1468-DC51-42E4-B1BD-CE34F151E803}.Release|Any CPU.ActiveCfg = Release|Any CPU
		{3E1B1468-DC51-42E4-B1BD-CE34F151E803}.Release|Any CPU.Build.0 = Release|Any CPU
		{3E1B1468-DC51-42E4-B1BD-CE34F151E803}.Release|x64.ActiveCfg = Release|Any CPU
		{3E1B1468-DC51-42E4-B1BD-CE34F151E803}.Release|x64.Build.0 = Release|Any CPU
		{3E1B1468-DC51-42E4-B1BD-CE34F151E803}.Release|x86.ActiveCfg = Release|Any CPU
		{3E1B1468-DC51-42E4-B1BD-CE34F151E803}.Release|x86.Build.0 = Release|Any CPU
		{0094FAED-6CD3-4598-9F7E-53D7323D4BD3}.Debug|Any CPU.ActiveCfg = Debug|Any CPU
		{0094FAED-6CD3-4598-9F7E-53D7323D4BD3}.Debug|Any CPU.Build.0 = Debug|Any CPU
		{0094FAED-6CD3-4598-9F7E-53D7323D4BD3}.Debug|x64.ActiveCfg = Debug|Any CPU
		{0094FAED-6CD3-4598-9F7E-53D7323D4BD3}.Debug|x64.Build.0 = Debug|Any CPU
		{0094FAED-6CD3-4598-9F7E-53D7323D4BD3}.Debug|x86.ActiveCfg = Debug|Any CPU
		{0094FAED-6CD3-4598-9F7E-53D7323D4BD3}.Debug|x86.Build.0 = Debug|Any CPU
		{0094FAED-6CD3-4598-9F7E-53D7323D4BD3}.Release|Any CPU.ActiveCfg = Release|Any CPU
		{0094FAED-6CD3-4598-9F7E-53D7323D4BD3}.Release|Any CPU.Build.0 = Release|Any CPU
		{0094FAED-6CD3-4598-9F7E-53D7323D4BD3}.Release|x64.ActiveCfg = Release|Any CPU
		{0094FAED-6CD3-4598-9F7E-53D7323D4BD3}.Release|x64.Build.0 = Release|Any CPU
		{0094FAED-6CD3-4598-9F7E-53D7323D4BD3}.Release|x86.ActiveCfg = Release|Any CPU
		{0094FAED-6CD3-4598-9F7E-53D7323D4BD3}.Release|x86.Build.0 = Release|Any CPU
		{499C5A34-1C73-4084-A52C-8AE59DD39CAF}.Debug|Any CPU.ActiveCfg = Debug|Any CPU
		{499C5A34-1C73-4084-A52C-8AE59DD39CAF}.Debug|Any CPU.Build.0 = Debug|Any CPU
		{499C5A34-1C73-4084-A52C-8AE59DD39CAF}.Debug|x64.ActiveCfg = Debug|Any CPU
		{499C5A34-1C73-4084-A52C-8AE59DD39CAF}.Debug|x64.Build.0 = Debug|Any CPU
		{499C5A34-1C73-4084-A52C-8AE59DD39CAF}.Debug|x86.ActiveCfg = Debug|Any CPU
		{499C5A34-1C73-4084-A52C-8AE59DD39CAF}.Debug|x86.Build.0 = Debug|Any CPU
		{499C5A34-1C73-4084-A52C-8AE59DD39CAF}.Release|Any CPU.ActiveCfg = Release|Any CPU
		{499C5A34-1C73-4084-A52C-8AE59DD39CAF}.Release|Any CPU.Build.0 = Release|Any CPU
		{499C5A34-1C73-4084-A52C-8AE59DD39CAF}.Release|x64.ActiveCfg = Release|Any CPU
		{499C5A34-1C73-4084-A52C-8AE59DD39CAF}.Release|x64.Build.0 = Release|Any CPU
		{499C5A34-1C73-4084-A52C-8AE59DD39CAF}.Release|x86.ActiveCfg = Release|Any CPU
		{499C5A34-1C73-4084-A52C-8AE59DD39CAF}.Release|x86.Build.0 = Release|Any CPU
		{04863A71-D39E-4452-998B-3632A470456F}.Debug|Any CPU.ActiveCfg = Debug|Any CPU
		{04863A71-D39E-4452-998B-3632A470456F}.Debug|Any CPU.Build.0 = Debug|Any CPU
		{04863A71-D39E-4452-998B-3632A470456F}.Debug|x64.ActiveCfg = Debug|Any CPU
		{04863A71-D39E-4452-998B-3632A470456F}.Debug|x64.Build.0 = Debug|Any CPU
		{04863A71-D39E-4452-998B-3632A470456F}.Debug|x86.ActiveCfg = Debug|Any CPU
		{04863A71-D39E-4452-998B-3632A470456F}.Debug|x86.Build.0 = Debug|Any CPU
		{04863A71-D39E-4452-998B-3632A470456F}.Release|Any CPU.ActiveCfg = Release|Any CPU
		{04863A71-D39E-4452-998B-3632A470456F}.Release|Any CPU.Build.0 = Release|Any CPU
		{04863A71-D39E-4452-998B-3632A470456F}.Release|x64.ActiveCfg = Release|Any CPU
		{04863A71-D39E-4452-998B-3632A470456F}.Release|x64.Build.0 = Release|Any CPU
		{04863A71-D39E-4452-998B-3632A470456F}.Release|x86.ActiveCfg = Release|Any CPU
		{04863A71-D39E-4452-998B-3632A470456F}.Release|x86.Build.0 = Release|Any CPU
		{2D71268A-06D9-4CB1-A17C-8102A3799B1D}.Debug|Any CPU.ActiveCfg = Debug|Any CPU
		{2D71268A-06D9-4CB1-A17C-8102A3799B1D}.Debug|Any CPU.Build.0 = Debug|Any CPU
		{2D71268A-06D9-4CB1-A17C-8102A3799B1D}.Debug|x64.ActiveCfg = Debug|Any CPU
		{2D71268A-06D9-4CB1-A17C-8102A3799B1D}.Debug|x64.Build.0 = Debug|Any CPU
		{2D71268A-06D9-4CB1-A17C-8102A3799B1D}.Debug|x86.ActiveCfg = Debug|Any CPU
		{2D71268A-06D9-4CB1-A17C-8102A3799B1D}.Debug|x86.Build.0 = Debug|Any CPU
		{2D71268A-06D9-4CB1-A17C-8102A3799B1D}.Release|Any CPU.ActiveCfg = Release|Any CPU
		{2D71268A-06D9-4CB1-A17C-8102A3799B1D}.Release|Any CPU.Build.0 = Release|Any CPU
		{2D71268A-06D9-4CB1-A17C-8102A3799B1D}.Release|x64.ActiveCfg = Release|Any CPU
		{2D71268A-06D9-4CB1-A17C-8102A3799B1D}.Release|x64.Build.0 = Release|Any CPU
		{2D71268A-06D9-4CB1-A17C-8102A3799B1D}.Release|x86.ActiveCfg = Release|Any CPU
		{2D71268A-06D9-4CB1-A17C-8102A3799B1D}.Release|x86.Build.0 = Release|Any CPU
		{EF2332F7-A9A6-4766-8328-8AAE6E8372A8}.Debug|Any CPU.ActiveCfg = Debug|Any CPU
		{EF2332F7-A9A6-4766-8328-8AAE6E8372A8}.Debug|Any CPU.Build.0 = Debug|Any CPU
		{EF2332F7-A9A6-4766-8328-8AAE6E8372A8}.Debug|x64.ActiveCfg = Debug|Any CPU
		{EF2332F7-A9A6-4766-8328-8AAE6E8372A8}.Debug|x64.Build.0 = Debug|Any CPU
		{EF2332F7-A9A6-4766-8328-8AAE6E8372A8}.Debug|x86.ActiveCfg = Debug|Any CPU
		{EF2332F7-A9A6-4766-8328-8AAE6E8372A8}.Debug|x86.Build.0 = Debug|Any CPU
		{EF2332F7-A9A6-4766-8328-8AAE6E8372A8}.Release|Any CPU.ActiveCfg = Release|Any CPU
		{EF2332F7-A9A6-4766-8328-8AAE6E8372A8}.Release|Any CPU.Build.0 = Release|Any CPU
		{EF2332F7-A9A6-4766-8328-8AAE6E8372A8}.Release|x64.ActiveCfg = Release|Any CPU
		{EF2332F7-A9A6-4766-8328-8AAE6E8372A8}.Release|x64.Build.0 = Release|Any CPU
		{EF2332F7-A9A6-4766-8328-8AAE6E8372A8}.Release|x86.ActiveCfg = Release|Any CPU
		{EF2332F7-A9A6-4766-8328-8AAE6E8372A8}.Release|x86.Build.0 = Release|Any CPU
		{BB3249AB-72FC-448D-A036-BD01F9974CC9}.Debug|Any CPU.ActiveCfg = Debug|Any CPU
		{BB3249AB-72FC-448D-A036-BD01F9974CC9}.Debug|Any CPU.Build.0 = Debug|Any CPU
		{BB3249AB-72FC-448D-A036-BD01F9974CC9}.Debug|x64.ActiveCfg = Debug|Any CPU
		{BB3249AB-72FC-448D-A036-BD01F9974CC9}.Debug|x64.Build.0 = Debug|Any CPU
		{BB3249AB-72FC-448D-A036-BD01F9974CC9}.Debug|x86.ActiveCfg = Debug|Any CPU
		{BB3249AB-72FC-448D-A036-BD01F9974CC9}.Debug|x86.Build.0 = Debug|Any CPU
		{BB3249AB-72FC-448D-A036-BD01F9974CC9}.Release|Any CPU.ActiveCfg = Release|Any CPU
		{BB3249AB-72FC-448D-A036-BD01F9974CC9}.Release|Any CPU.Build.0 = Release|Any CPU
		{BB3249AB-72FC-448D-A036-BD01F9974CC9}.Release|x64.ActiveCfg = Release|Any CPU
		{BB3249AB-72FC-448D-A036-BD01F9974CC9}.Release|x64.Build.0 = Release|Any CPU
		{BB3249AB-72FC-448D-A036-BD01F9974CC9}.Release|x86.ActiveCfg = Release|Any CPU
		{BB3249AB-72FC-448D-A036-BD01F9974CC9}.Release|x86.Build.0 = Release|Any CPU
		{CB46A8C5-782D-4109-99FB-2CC4EE1EB9AD}.Debug|Any CPU.ActiveCfg = Debug|Any CPU
		{CB46A8C5-782D-4109-99FB-2CC4EE1EB9AD}.Debug|Any CPU.Build.0 = Debug|Any CPU
		{CB46A8C5-782D-4109-99FB-2CC4EE1EB9AD}.Debug|x64.ActiveCfg = Debug|Any CPU
		{CB46A8C5-782D-4109-99FB-2CC4EE1EB9AD}.Debug|x64.Build.0 = Debug|Any CPU
		{CB46A8C5-782D-4109-99FB-2CC4EE1EB9AD}.Debug|x86.ActiveCfg = Debug|Any CPU
		{CB46A8C5-782D-4109-99FB-2CC4EE1EB9AD}.Debug|x86.Build.0 = Debug|Any CPU
		{CB46A8C5-782D-4109-99FB-2CC4EE1EB9AD}.Release|Any CPU.ActiveCfg = Release|Any CPU
		{CB46A8C5-782D-4109-99FB-2CC4EE1EB9AD}.Release|Any CPU.Build.0 = Release|Any CPU
		{CB46A8C5-782D-4109-99FB-2CC4EE1EB9AD}.Release|x64.ActiveCfg = Release|Any CPU
		{CB46A8C5-782D-4109-99FB-2CC4EE1EB9AD}.Release|x64.Build.0 = Release|Any CPU
		{CB46A8C5-782D-4109-99FB-2CC4EE1EB9AD}.Release|x86.ActiveCfg = Release|Any CPU
		{CB46A8C5-782D-4109-99FB-2CC4EE1EB9AD}.Release|x86.Build.0 = Release|Any CPU
		{6D380478-055A-42AB-874C-0FDFFDEBB2F4}.Debug|Any CPU.ActiveCfg = Debug|Any CPU
		{6D380478-055A-42AB-874C-0FDFFDEBB2F4}.Debug|Any CPU.Build.0 = Debug|Any CPU
		{6D380478-055A-42AB-874C-0FDFFDEBB2F4}.Debug|x64.ActiveCfg = Debug|Any CPU
		{6D380478-055A-42AB-874C-0FDFFDEBB2F4}.Debug|x64.Build.0 = Debug|Any CPU
		{6D380478-055A-42AB-874C-0FDFFDEBB2F4}.Debug|x86.ActiveCfg = Debug|Any CPU
		{6D380478-055A-42AB-874C-0FDFFDEBB2F4}.Debug|x86.Build.0 = Debug|Any CPU
		{6D380478-055A-42AB-874C-0FDFFDEBB2F4}.Release|Any CPU.ActiveCfg = Release|Any CPU
		{6D380478-055A-42AB-874C-0FDFFDEBB2F4}.Release|Any CPU.Build.0 = Release|Any CPU
		{6D380478-055A-42AB-874C-0FDFFDEBB2F4}.Release|x64.ActiveCfg = Release|Any CPU
		{6D380478-055A-42AB-874C-0FDFFDEBB2F4}.Release|x64.Build.0 = Release|Any CPU
		{6D380478-055A-42AB-874C-0FDFFDEBB2F4}.Release|x86.ActiveCfg = Release|Any CPU
		{6D380478-055A-42AB-874C-0FDFFDEBB2F4}.Release|x86.Build.0 = Release|Any CPU
	EndGlobalSection
	GlobalSection(SolutionProperties) = preSolution
		HideSolutionNode = FALSE
	EndGlobalSection
	GlobalSection(NestedProjects) = preSolution
		{3E7FD8C4-BEFE-47DF-A429-6FE413A4FD30} = {827E0CD3-B72D-47B6-A68D-7590B98EB39B}
		{3E1B1468-DC51-42E4-B1BD-CE34F151E803} = {827E0CD3-B72D-47B6-A68D-7590B98EB39B}
		{0094FAED-6CD3-4598-9F7E-53D7323D4BD3} = {827E0CD3-B72D-47B6-A68D-7590B98EB39B}
		{499C5A34-1C73-4084-A52C-8AE59DD39CAF} = {827E0CD3-B72D-47B6-A68D-7590B98EB39B}
		{04863A71-D39E-4452-998B-3632A470456F} = {827E0CD3-B72D-47B6-A68D-7590B98EB39B}
		{2D71268A-06D9-4CB1-A17C-8102A3799B1D} = {827E0CD3-B72D-47B6-A68D-7590B98EB39B}
		{EF2332F7-A9A6-4766-8328-8AAE6E8372A8} = {0AB3BF05-4346-4AA6-1389-037BE0695223}
		{BB3249AB-72FC-448D-A036-BD01F9974CC9} = {0AB3BF05-4346-4AA6-1389-037BE0695223}
		{CB46A8C5-782D-4109-99FB-2CC4EE1EB9AD} = {0AB3BF05-4346-4AA6-1389-037BE0695223}
		{6D380478-055A-42AB-874C-0FDFFDEBB2F4} = {0AB3BF05-4346-4AA6-1389-037BE0695223}
	EndGlobalSection
EndGlobal
